
Microsoft Visual Studio Solution File, Format Version 12.00
# Visual Studio 2013
VisualStudioVersion = 12.0.21005.1
MinimumVisualStudioVersion = 10.0.40219.1
Project("{FAE04EC0-301F-11D3-BF4B-00C04F79EFBC}") = "RegularExpressionParser", "RegularExpressionParser\RegularExpressionParser.csproj", "{6D4CA733-F5B2-4D25-9F5E-FC28E2380954}"
EndProject
Project("{2150E333-8FDC-42A3-9474-1A3956D46DE8}") = "Solution Items", "Solution Items", "{64461055-59FB-43DB-AB66-5E5477A2A0FB}"
	ProjectSection(SolutionItems) = preProject
		.gitattributes = .gitattributes
		.gitignore = .gitignore
		LICENSE = LICENSE
		README.md = README.md
	EndProjectSection
EndProject
Project("{FAE04EC0-301F-11D3-BF4B-00C04F79EFBC}") = "RegularExpressionParser.Test", "RegularExpressionParser.Test\RegularExpressionParser.Test.csproj", "{3E03A02C-F436-4FDA-8AD6-821EB7E1CE8E}"
EndProject
Global
	GlobalSection(SolutionConfigurationPlatforms) = preSolution
		Debug|Any CPU = Debug|Any CPU
		Release|Any CPU = Release|Any CPU
	EndGlobalSection
	GlobalSection(ProjectConfigurationPlatforms) = postSolution
		{6D4CA733-F5B2-4D25-9F5E-FC28E2380954}.Debug|Any CPU.ActiveCfg = Debug|Any CPU
		{6D4CA733-F5B2-4D25-9F5E-FC28E2380954}.Debug|Any CPU.Build.0 = Debug|Any CPU
		{6D4CA733-F5B2-4D25-9F5E-FC28E2380954}.Release|Any CPU.ActiveCfg = Release|Any CPU
		{6D4CA733-F5B2-4D25-9F5E-FC28E2380954}.Release|Any CPU.Build.0 = Release|Any CPU
		{3E03A02C-F436-4FDA-8AD6-821EB7E1CE8E}.Debug|Any CPU.ActiveCfg = Debug|Any CPU
		{3E03A02C-F436-4FDA-8AD6-821EB7E1CE8E}.Debug|Any CPU.Build.0 = Debug|Any CPU
		{3E03A02C-F436-4FDA-8AD6-821EB7E1CE8E}.Release|Any CPU.ActiveCfg = Release|Any CPU
		{3E03A02C-F436-4FDA-8AD6-821EB7E1CE8E}.Release|Any CPU.Build.0 = Release|Any CPU
	EndGlobalSection
	GlobalSection(SolutionProperties) = preSolution
		HideSolutionNode = FALSE
	EndGlobalSection
EndGlobal
